
Microsoft Visual Studio Solution File, Format Version 12.00
# Visual Studio Version 16
VisualStudioVersion = 16.0.30002.166
MinimumVisualStudioVersion = 10.0.40219.1
Project("{FAE04EC0-301F-11D3-BF4B-00C04F79EFBC}") = "Lesson05.Review", "Lesson05.Review\Lesson05.Review.csproj", "{4FE2853A-1369-43DD-A31D-37792666C3B2}"
EndProject
Project("{FAE04EC0-301F-11D3-BF4B-00C04F79EFBC}") = "Lesson05.PropertiesDemo", "Lesson05.PropertiesDemo\Lesson05.PropertiesDemo.csproj", "{633700AE-7EF5-4A2A-944E-658C9264C41B}"
EndProject
Project("{FAE04EC0-301F-11D3-BF4B-00C04F79EFBC}") = "Lesson05.PropertiesAuto", "Lesson05.PropertiesAuto\Lesson05.PropertiesAuto.csproj", "{4877D051-A3A0-4E15-84DE-B5C1E11818B6}"
EndProject
Project("{FAE04EC0-301F-11D3-BF4B-00C04F79EFBC}") = "Lesson05.MethodDemo", "Lesson05.MethodDemo\Lesson05.MethodDemo.csproj", "{FE839122-7991-41CF-AF3F-3959FC57BDEE}"
EndProject
Project("{FAE04EC0-301F-11D3-BF4B-00C04F79EFBC}") = "Lesson05.Static_Ref_Out", "Lesson05.Static_Ref_Out\Lesson05.Static_Ref_Out.csproj", "{2FE8AEA5-4F9C-4A81-AE44-12BB49AD2665}"
EndProject
Project("{FAE04EC0-301F-11D3-BF4B-00C04F79EFBC}") = "Lesson05.ConstrutorDemo", "Lesson05.ConstrutorDemo\Lesson05.ConstrutorDemo.csproj", "{D5269B89-6478-4221-B115-7A272FA9711C}"
EndProject
Project("{FAE04EC0-301F-11D3-BF4B-00C04F79EFBC}") = "Lesson07.InterfaceDemo", "Lesson07.InterfaceDemo\Lesson07.InterfaceDemo.csproj", "{E8C437E3-E65C-4DCB-913F-6C500A478C42}"
EndProject
Project("{FAE04EC0-301F-11D3-BF4B-00C04F79EFBC}") = "Lesson07.SummaryOOPCollections", "Lesson07.SummaryOOPCollections\Lesson07.SummaryOOPCollections.csproj", "{66B7C9FC-F8A3-4C3D-A788-A758CB191A3A}"
EndProject
Global
	GlobalSection(SolutionConfigurationPlatforms) = preSolution
		Debug|Any CPU = Debug|Any CPU
		Release|Any CPU = Release|Any CPU
	EndGlobalSection
	GlobalSection(ProjectConfigurationPlatforms) = postSolution
		{4FE2853A-1369-43DD-A31D-37792666C3B2}.Debug|Any CPU.ActiveCfg = Debug|Any CPU
		{4FE2853A-1369-43DD-A31D-37792666C3B2}.Debug|Any CPU.Build.0 = Debug|Any CPU
		{4FE2853A-1369-43DD-A31D-37792666C3B2}.Release|Any CPU.ActiveCfg = Release|Any CPU
		{4FE2853A-1369-43DD-A31D-37792666C3B2}.Release|Any CPU.Build.0 = Release|Any CPU
		{633700AE-7EF5-4A2A-944E-658C9264C41B}.Debug|Any CPU.ActiveCfg = Debug|Any CPU
		{633700AE-7EF5-4A2A-944E-658C9264C41B}.Debug|Any CPU.Build.0 = Debug|Any CPU
		{633700AE-7EF5-4A2A-944E-658C9264C41B}.Release|Any CPU.ActiveCfg = Release|Any CPU
		{633700AE-7EF5-4A2A-944E-658C9264C41B}.Release|Any CPU.Build.0 = Release|Any CPU
		{4877D051-A3A0-4E15-84DE-B5C1E11818B6}.Debug|Any CPU.ActiveCfg = Debug|Any CPU
		{4877D051-A3A0-4E15-84DE-B5C1E11818B6}.Debug|Any CPU.Build.0 = Debug|Any CPU
		{4877D051-A3A0-4E15-84DE-B5C1E11818B6}.Release|Any CPU.ActiveCfg = Release|Any CPU
		{4877D051-A3A0-4E15-84DE-B5C1E11818B6}.Release|Any CPU.Build.0 = Release|Any CPU
		{FE839122-7991-41CF-AF3F-3959FC57BDEE}.Debug|Any CPU.ActiveCfg = Debug|Any CPU
		{FE839122-7991-41CF-AF3F-3959FC57BDEE}.Debug|Any CPU.Build.0 = Debug|Any CPU
		{FE839122-7991-41CF-AF3F-3959FC57BDEE}.Release|Any CPU.ActiveCfg = Release|Any CPU
		{FE839122-7991-41CF-AF3F-3959FC57BDEE}.Release|Any CPU.Build.0 = Release|Any CPU
		{2FE8AEA5-4F9C-4A81-AE44-12BB49AD2665}.Debug|Any CPU.ActiveCfg = Debug|Any CPU
		{2FE8AEA5-4F9C-4A81-AE44-12BB49AD2665}.Debug|Any CPU.Build.0 = Debug|Any CPU
		{2FE8AEA5-4F9C-4A81-AE44-12BB49AD2665}.Release|Any CPU.ActiveCfg = Release|Any CPU
		{2FE8AEA5-4F9C-4A81-AE44-12BB49AD2665}.Release|Any CPU.Build.0 = Release|Any CPU
		{D5269B89-6478-4221-B115-7A272FA9711C}.Debug|Any CPU.ActiveCfg = Debug|Any CPU
		{D5269B89-6478-4221-B115-7A272FA9711C}.Debug|Any CPU.Build.0 = Debug|Any CPU
		{D5269B89-6478-4221-B115-7A272FA9711C}.Release|Any CPU.ActiveCfg = Release|Any CPU
		{D5269B89-6478-4221-B115-7A272FA9711C}.Release|Any CPU.Build.0 = Release|Any CPU
		{E8C437E3-E65C-4DCB-913F-6C500A478C42}.Debug|Any CPU.ActiveCfg = Debug|Any CPU
		{E8C437E3-E65C-4DCB-913F-6C500A478C42}.Debug|Any CPU.Build.0 = Debug|Any CPU
		{E8C437E3-E65C-4DCB-913F-6C500A478C42}.Release|Any CPU.ActiveCfg = Release|Any CPU
		{E8C437E3-E65C-4DCB-913F-6C500A478C42}.Release|Any CPU.Build.0 = Release|Any CPU
		{66B7C9FC-F8A3-4C3D-A788-A758CB191A3A}.Debug|Any CPU.ActiveCfg = Debug|Any CPU
		{66B7C9FC-F8A3-4C3D-A788-A758CB191A3A}.Debug|Any CPU.Build.0 = Debug|Any CPU
		{66B7C9FC-F8A3-4C3D-A788-A758CB191A3A}.Release|Any CPU.ActiveCfg = Release|Any CPU
		{66B7C9FC-F8A3-4C3D-A788-A758CB191A3A}.Release|Any CPU.Build.0 = Release|Any CPU
	EndGlobalSection
	GlobalSection(SolutionProperties) = preSolution
		HideSolutionNode = FALSE
	EndGlobalSection
	GlobalSection(ExtensibilityGlobals) = postSolution
		SolutionGuid = {727981D1-7AEE-40E3-AF1A-CA987EA537F6}
	EndGlobalSection
EndGlobal
